
Microsoft Visual Studio Solution File, Format Version 12.00
# Visual Studio 2015
Project("{FAE04EC0-301F-11D3-BF4B-00C04F79EFBC}") = "Commander.CSharp", "Commander.CSharp.csproj", "{C08BCC9A-BDBC-986A-BC78-C3C9743B950F}"
EndProject
Global
	GlobalSection(SolutionConfigurationPlatforms) = preSolution
		Debug|Any CPU = Debug|Any CPU
		Release|Any CPU = Release|Any CPU
	EndGlobalSection
	GlobalSection(ProjectConfigurationPlatforms) = postSolution
		{C08BCC9A-BDBC-986A-BC78-C3C9743B950F}.Debug|Any CPU.ActiveCfg = Debug|Any CPU
		{C08BCC9A-BDBC-986A-BC78-C3C9743B950F}.Debug|Any CPU.Build.0 = Debug|Any CPU
		{C08BCC9A-BDBC-986A-BC78-C3C9743B950F}.Release|Any CPU.ActiveCfg = Release|Any CPU
		{C08BCC9A-BDBC-986A-BC78-C3C9743B950F}.Release|Any CPU.Build.0 = Release|Any CPU
	EndGlobalSection
	GlobalSection(SolutionProperties) = preSolution
		HideSolutionNode = FALSE
	EndGlobalSection
EndGlobal
